
Microsoft Visual Studio Solution File, Format Version 12.00
# Visual Studio Version 17
VisualStudioVersion = 17.12.35527.113
MinimumVisualStudioVersion = 10.0.40219.1
Project("{FAE04EC0-301F-11D3-BF4B-00C04F79EFBC}") = "AlexShop", "CarShop\AlexShop.csproj", "{A2A15251-80FD-4E42-A813-DC88341DB985}"
EndProject
Project("{2150E333-8FDC-42A3-9474-1A3956D46DE8}") = "Solution Items", "Solution Items", "{956742AD-0BBE-432B-BC15-129206B8CEC2}"
	ProjectSection(SolutionItems) = preProject
		.editorconfig = .editorconfig
	EndProjectSection
EndProject
Project("{FAE04EC0-301F-11D3-BF4B-00C04F79EFBC}") = "AlexShopDb", "AlexShopDb\AlexShopDb.csproj", "{7B177576-0611-4C9D-A70F-AD830C7AAC11}"
EndProject
Global
	GlobalSection(SolutionConfigurationPlatforms) = preSolution
		Debug|Any CPU = Debug|Any CPU
		Release|Any CPU = Release|Any CPU
	EndGlobalSection
	GlobalSection(ProjectConfigurationPlatforms) = postSolution
		{A2A15251-80FD-4E42-A813-DC88341DB985}.Debug|Any CPU.ActiveCfg = Debug|Any CPU
		{A2A15251-80FD-4E42-A813-DC88341DB985}.Debug|Any CPU.Build.0 = Debug|Any CPU
		{A2A15251-80FD-4E42-A813-DC88341DB985}.Release|Any CPU.ActiveCfg = Release|Any CPU
		{A2A15251-80FD-4E42-A813-DC88341DB985}.Release|Any CPU.Build.0 = Release|Any CPU
		{7B177576-0611-4C9D-A70F-AD830C7AAC11}.Debug|Any CPU.ActiveCfg = Debug|Any CPU
		{7B177576-0611-4C9D-A70F-AD830C7AAC11}.Debug|Any CPU.Build.0 = Debug|Any CPU
		{7B177576-0611-4C9D-A70F-AD830C7AAC11}.Release|Any CPU.ActiveCfg = Release|Any CPU
		{7B177576-0611-4C9D-A70F-AD830C7AAC11}.Release|Any CPU.Build.0 = Release|Any CPU
	EndGlobalSection
	GlobalSection(SolutionProperties) = preSolution
		HideSolutionNode = FALSE
	EndGlobalSection
	GlobalSection(ExtensibilityGlobals) = postSolution
		SolutionGuid = {1525E7B0-D3BD-47CB-916A-440974BEAC94}
	EndGlobalSection
EndGlobal
